// !$*UTF8*$!
{
	archiveVersion = 1;
	classes = {
	};
	objectVersion = 50;
	objects = {

/* Begin PBXBuildFile section */
		367C0FE8266334BD00BAB242 /* TFYSwiftCustomController.swift in Sources */ = {isa = PBXBuildFile; fileRef = 367C0FE7266334BD00BAB242 /* TFYSwiftCustomController.swift */; };
		367C0FEA2663371900BAB242 /* TFYSwiftCustomViewCell.swift in Sources */ = {isa = PBXBuildFile; fileRef = 367C0FE92663371900BAB242 /* TFYSwiftCustomViewCell.swift */; };
		36BC112A265547AB00B0FFE9 /* Assets.xcassets in Resources */ = {isa = PBXBuildFile; fileRef = 36BC1129265547AB00B0FFE9 /* Assets.xcassets */; };
		36BC112D265547AB00B0FFE9 /* LaunchScreen.storyboard in Resources */ = {isa = PBXBuildFile; fileRef = 36BC112B265547AB00B0FFE9 /* LaunchScreen.storyboard */; };
		36BC1138265547AB00B0FFE9 /* TFYSwiftBannerScrollTests.swift in Sources */ = {isa = PBXBuildFile; fileRef = 36BC1137265547AB00B0FFE9 /* TFYSwiftBannerScrollTests.swift */; };
		36BC1143265547AB00B0FFE9 /* TFYSwiftBannerScrollUITests.swift in Sources */ = {isa = PBXBuildFile; fileRef = 36BC1142265547AB00B0FFE9 /* TFYSwiftBannerScrollUITests.swift */; };
		36BC11562655480200B0FFE9 /* AppDelegate.swift in Sources */ = {isa = PBXBuildFile; fileRef = 36BC11512655480200B0FFE9 /* AppDelegate.swift */; };
		36BC11572655480200B0FFE9 /* SceneDelegate.swift in Sources */ = {isa = PBXBuildFile; fileRef = 36BC11522655480200B0FFE9 /* SceneDelegate.swift */; };
		36BC11582655480200B0FFE9 /* ViewController.swift in Sources */ = {isa = PBXBuildFile; fileRef = 36BC11542655480200B0FFE9 /* ViewController.swift */; };
		36BC115A2655487A00B0FFE9 /* TFYSwiftPageControl.swift in Sources */ = {isa = PBXBuildFile; fileRef = 36BC11592655487A00B0FFE9 /* TFYSwiftPageControl.swift */; };
		36BC115C26554A1E00B0FFE9 /* TFYSwiftPagerCollectionView.swift in Sources */ = {isa = PBXBuildFile; fileRef = 36BC115B26554A1E00B0FFE9 /* TFYSwiftPagerCollectionView.swift */; };
		36BC115E26554A6800B0FFE9 /* TFYSwiftPagerViewCell.swift in Sources */ = {isa = PBXBuildFile; fileRef = 36BC115D26554A6800B0FFE9 /* TFYSwiftPagerViewCell.swift */; };
		36BC116026554AC200B0FFE9 /* TFYSwiftPagerViewLayout.swift in Sources */ = {isa = PBXBuildFile; fileRef = 36BC115F26554AC200B0FFE9 /* TFYSwiftPagerViewLayout.swift */; };
		36BC116226554B9700B0FFE9 /* TFYSwiftPagerViewTransformer.swift in Sources */ = {isa = PBXBuildFile; fileRef = 36BC116126554B9700B0FFE9 /* TFYSwiftPagerViewTransformer.swift */; };
		36BC116426554CA600B0FFE9 /* TFYSwiftPagerViewLayoutAttributes.swift in Sources */ = {isa = PBXBuildFile; fileRef = 36BC116326554CA600B0FFE9 /* TFYSwiftPagerViewLayoutAttributes.swift */; };
		36BC116626554D3300B0FFE9 /* TFYSwiftPagerView.swift in Sources */ = {isa = PBXBuildFile; fileRef = 36BC116526554D3300B0FFE9 /* TFYSwiftPagerView.swift */; };
/* End PBXBuildFile section */

/* Begin PBXContainerItemProxy section */
		36BC1134265547AB00B0FFE9 /* PBXContainerItemProxy */ = {
			isa = PBXContainerItemProxy;
			containerPortal = 36BC1115265547A900B0FFE9 /* Project object */;
			proxyType = 1;
			remoteGlobalIDString = 36BC111C265547A900B0FFE9;
			remoteInfo = TFYSwiftBannerScroll;
		};
		36BC113F265547AB00B0FFE9 /* PBXContainerItemProxy */ = {
			isa = PBXContainerItemProxy;
			containerPortal = 36BC1115265547A900B0FFE9 /* Project object */;
			proxyType = 1;
			remoteGlobalIDString = 36BC111C265547A900B0FFE9;
			remoteInfo = TFYSwiftBannerScroll;
		};
/* End PBXContainerItemProxy section */

/* Begin PBXFileReference section */
		367C0FE7266334BD00BAB242 /* TFYSwiftCustomController.swift */ = {isa = PBXFileReference; lastKnownFileType = sourcecode.swift; path = TFYSwiftCustomController.swift; sourceTree = "<group>"; };
		367C0FE92663371900BAB242 /* TFYSwiftCustomViewCell.swift */ = {isa = PBXFileReference; lastKnownFileType = sourcecode.swift; path = TFYSwiftCustomViewCell.swift; sourceTree = "<group>"; };
		36BC111D265547A900B0FFE9 /* TFYSwiftBannerScroll.app */ = {isa = PBXFileReference; explicitFileType = wrapper.application; includeInIndex = 0; path = TFYSwiftBannerScroll.app; sourceTree = BUILT_PRODUCTS_DIR; };
		36BC1129265547AB00B0FFE9 /* Assets.xcassets */ = {isa = PBXFileReference; lastKnownFileType = folder.assetcatalog; path = Assets.xcassets; sourceTree = "<group>"; };
		36BC112C265547AB00B0FFE9 /* Base */ = {isa = PBXFileReference; lastKnownFileType = file.storyboard; name = Base; path = Base.lproj/LaunchScreen.storyboard; sourceTree = "<group>"; };
		36BC112E265547AB00B0FFE9 /* Info.plist */ = {isa = PBXFileReference; lastKnownFileType = text.plist.xml; path = Info.plist; sourceTree = "<group>"; };
		36BC1133265547AB00B0FFE9 /* TFYSwiftBannerScrollTests.xctest */ = {isa = PBXFileReference; explicitFileType = wrapper.cfbundle; includeInIndex = 0; path = TFYSwiftBannerScrollTests.xctest; sourceTree = BUILT_PRODUCTS_DIR; };
		36BC1137265547AB00B0FFE9 /* TFYSwiftBannerScrollTests.swift */ = {isa = PBXFileReference; lastKnownFileType = sourcecode.swift; path = TFYSwiftBannerScrollTests.swift; sourceTree = "<group>"; };
		36BC1139265547AB00B0FFE9 /* Info.plist */ = {isa = PBXFileReference; lastKnownFileType = text.plist.xml; path = Info.plist; sourceTree = "<group>"; };
		36BC113E265547AB00B0FFE9 /* TFYSwiftBannerScrollUITests.xctest */ = {isa = PBXFileReference; explicitFileType = wrapper.cfbundle; includeInIndex = 0; path = TFYSwiftBannerScrollUITests.xctest; sourceTree = BUILT_PRODUCTS_DIR; };
		36BC1142265547AB00B0FFE9 /* TFYSwiftBannerScrollUITests.swift */ = {isa = PBXFileReference; lastKnownFileType = sourcecode.swift; path = TFYSwiftBannerScrollUITests.swift; sourceTree = "<group>"; };
		36BC1144265547AB00B0FFE9 /* Info.plist */ = {isa = PBXFileReference; lastKnownFileType = text.plist.xml; path = Info.plist; sourceTree = "<group>"; };
		36BC11512655480200B0FFE9 /* AppDelegate.swift */ = {isa = PBXFileReference; fileEncoding = 4; lastKnownFileType = sourcecode.swift; path = AppDelegate.swift; sourceTree = "<group>"; };
		36BC11522655480200B0FFE9 /* SceneDelegate.swift */ = {isa = PBXFileReference; fileEncoding = 4; lastKnownFileType = sourcecode.swift; path = SceneDelegate.swift; sourceTree = "<group>"; };
		36BC11542655480200B0FFE9 /* ViewController.swift */ = {isa = PBXFileReference; fileEncoding = 4; lastKnownFileType = sourcecode.swift; path = ViewController.swift; sourceTree = "<group>"; };
		36BC11592655487A00B0FFE9 /* TFYSwiftPageControl.swift */ = {isa = PBXFileReference; lastKnownFileType = sourcecode.swift; path = TFYSwiftPageControl.swift; sourceTree = "<group>"; };
		36BC115B26554A1E00B0FFE9 /* TFYSwiftPagerCollectionView.swift */ = {isa = PBXFileReference; lastKnownFileType = sourcecode.swift; path = TFYSwiftPagerCollectionView.swift; sourceTree = "<group>"; };
		36BC115D26554A6800B0FFE9 /* TFYSwiftPagerViewCell.swift */ = {isa = PBXFileReference; lastKnownFileType = sourcecode.swift; path = TFYSwiftPagerViewCell.swift; sourceTree = "<group>"; };
		36BC115F26554AC200B0FFE9 /* TFYSwiftPagerViewLayout.swift */ = {isa = PBXFileReference; lastKnownFileType = sourcecode.swift; path = TFYSwiftPagerViewLayout.swift; sourceTree = "<group>"; };
		36BC116126554B9700B0FFE9 /* TFYSwiftPagerViewTransformer.swift */ = {isa = PBXFileReference; lastKnownFileType = sourcecode.swift; path = TFYSwiftPagerViewTransformer.swift; sourceTree = "<group>"; };
		36BC116326554CA600B0FFE9 /* TFYSwiftPagerViewLayoutAttributes.swift */ = {isa = PBXFileReference; lastKnownFileType = sourcecode.swift; path = TFYSwiftPagerViewLayoutAttributes.swift; sourceTree = "<group>"; };
		36BC116526554D3300B0FFE9 /* TFYSwiftPagerView.swift */ = {isa = PBXFileReference; lastKnownFileType = sourcecode.swift; path = TFYSwiftPagerView.swift; sourceTree = "<group>"; };
/* End PBXFileReference section */

/* Begin PBXFrameworksBuildPhase section */
		36BC111A265547A900B0FFE9 /* Frameworks */ = {
			isa = PBXFrameworksBuildPhase;
			buildActionMask = 2147483647;
			files = (
			);
			runOnlyForDeploymentPostprocessing = 0;
		};
		36BC1130265547AB00B0FFE9 /* Frameworks */ = {
			isa = PBXFrameworksBuildPhase;
			buildActionMask = 2147483647;
			files = (
			);
			runOnlyForDeploymentPostprocessing = 0;
		};
		36BC113B265547AB00B0FFE9 /* Frameworks */ = {
			isa = PBXFrameworksBuildPhase;
			buildActionMask = 2147483647;
			files = (
			);
			runOnlyForDeploymentPostprocessing = 0;
		};
/* End PBXFrameworksBuildPhase section */

/* Begin PBXGroup section */
		36BC1114265547A900B0FFE9 = {
			isa = PBXGroup;
			children = (
				36BC111F265547A900B0FFE9 /* TFYSwiftBannerScroll */,
				36BC1136265547AB00B0FFE9 /* TFYSwiftBannerScrollTests */,
				36BC1141265547AB00B0FFE9 /* TFYSwiftBannerScrollUITests */,
				36BC111E265547A900B0FFE9 /* Products */,
			);
			sourceTree = "<group>";
		};
		36BC111E265547A900B0FFE9 /* Products */ = {
			isa = PBXGroup;
			children = (
				36BC111D265547A900B0FFE9 /* TFYSwiftBannerScroll.app */,
				36BC1133265547AB00B0FFE9 /* TFYSwiftBannerScrollTests.xctest */,
				36BC113E265547AB00B0FFE9 /* TFYSwiftBannerScrollUITests.xctest */,
			);
			name = Products;
			sourceTree = "<group>";
		};
		36BC111F265547A900B0FFE9 /* TFYSwiftBannerScroll */ = {
			isa = PBXGroup;
			children = (
				36BC11502655480200B0FFE9 /* AppDelegate */,
				36BC11532655480200B0FFE9 /* Class */,
				36BC11552655480200B0FFE9 /* TFYSwiftBannerScrollKit */,
				36BC1129265547AB00B0FFE9 /* Assets.xcassets */,
				36BC112B265547AB00B0FFE9 /* LaunchScreen.storyboard */,
				36BC112E265547AB00B0FFE9 /* Info.plist */,
			);
			path = TFYSwiftBannerScroll;
			sourceTree = "<group>";
		};
		36BC1136265547AB00B0FFE9 /* TFYSwiftBannerScrollTests */ = {
			isa = PBXGroup;
			children = (
				36BC1137265547AB00B0FFE9 /* TFYSwiftBannerScrollTests.swift */,
				36BC1139265547AB00B0FFE9 /* Info.plist */,
			);
			path = TFYSwiftBannerScrollTests;
			sourceTree = "<group>";
		};
		36BC1141265547AB00B0FFE9 /* TFYSwiftBannerScrollUITests */ = {
			isa = PBXGroup;
			children = (
				36BC1142265547AB00B0FFE9 /* TFYSwiftBannerScrollUITests.swift */,
				36BC1144265547AB00B0FFE9 /* Info.plist */,
			);
			path = TFYSwiftBannerScrollUITests;
			sourceTree = "<group>";
		};
		36BC11502655480200B0FFE9 /* AppDelegate */ = {
			isa = PBXGroup;
			children = (
				36BC11512655480200B0FFE9 /* AppDelegate.swift */,
				36BC11522655480200B0FFE9 /* SceneDelegate.swift */,
			);
			path = AppDelegate;
			sourceTree = "<group>";
		};
		36BC11532655480200B0FFE9 /* Class */ = {
			isa = PBXGroup;
			children = (
				36BC11542655480200B0FFE9 /* ViewController.swift */,
				367C0FE7266334BD00BAB242 /* TFYSwiftCustomController.swift */,
				367C0FE92663371900BAB242 /* TFYSwiftCustomViewCell.swift */,
			);
			path = Class;
			sourceTree = "<group>";
		};
		36BC11552655480200B0FFE9 /* TFYSwiftBannerScrollKit */ = {
			isa = PBXGroup;
			children = (
				36BC11592655487A00B0FFE9 /* TFYSwiftPageControl.swift */,
				36BC115B26554A1E00B0FFE9 /* TFYSwiftPagerCollectionView.swift */,
				36BC115D26554A6800B0FFE9 /* TFYSwiftPagerViewCell.swift */,
				36BC115F26554AC200B0FFE9 /* TFYSwiftPagerViewLayout.swift */,
				36BC116126554B9700B0FFE9 /* TFYSwiftPagerViewTransformer.swift */,
				36BC116326554CA600B0FFE9 /* TFYSwiftPagerViewLayoutAttributes.swift */,
				36BC116526554D3300B0FFE9 /* TFYSwiftPagerView.swift */,
			);
			path = TFYSwiftBannerScrollKit;
			sourceTree = "<group>";
		};
/* End PBXGroup section */

/* Begin PBXNativeTarget section */
		36BC111C265547A900B0FFE9 /* TFYSwiftBannerScroll */ = {
			isa = PBXNativeTarget;
			buildConfigurationList = 36BC1147265547AB00B0FFE9 /* Build configuration list for PBXNativeTarget "TFYSwiftBannerScroll" */;
			buildPhases = (
				36BC1119265547A900B0FFE9 /* Sources */,
				36BC111A265547A900B0FFE9 /* Frameworks */,
				36BC111B265547A900B0FFE9 /* Resources */,
			);
			buildRules = (
			);
			dependencies = (
			);
			name = TFYSwiftBannerScroll;
			productName = TFYSwiftBannerScroll;
			productReference = 36BC111D265547A900B0FFE9 /* TFYSwiftBannerScroll.app */;
			productType = "com.apple.product-type.application";
		};
		36BC1132265547AB00B0FFE9 /* TFYSwiftBannerScrollTests */ = {
			isa = PBXNativeTarget;
			buildConfigurationList = 36BC114A265547AB00B0FFE9 /* Build configuration list for PBXNativeTarget "TFYSwiftBannerScrollTests" */;
			buildPhases = (
				36BC112F265547AB00B0FFE9 /* Sources */,
				36BC1130265547AB00B0FFE9 /* Frameworks */,
				36BC1131265547AB00B0FFE9 /* Resources */,
			);
			buildRules = (
			);
			dependencies = (
				36BC1135265547AB00B0FFE9 /* PBXTargetDependency */,
			);
			name = TFYSwiftBannerScrollTests;
			productName = TFYSwiftBannerScrollTests;
			productReference = 36BC1133265547AB00B0FFE9 /* TFYSwiftBannerScrollTests.xctest */;
			productType = "com.apple.product-type.bundle.unit-test";
		};
		36BC113D265547AB00B0FFE9 /* TFYSwiftBannerScrollUITests */ = {
			isa = PBXNativeTarget;
			buildConfigurationList = 36BC114D265547AB00B0FFE9 /* Build configuration list for PBXNativeTarget "TFYSwiftBannerScrollUITests" */;
			buildPhases = (
				36BC113A265547AB00B0FFE9 /* Sources */,
				36BC113B265547AB00B0FFE9 /* Frameworks */,
				36BC113C265547AB00B0FFE9 /* Resources */,
			);
			buildRules = (
			);
			dependencies = (
				36BC1140265547AB00B0FFE9 /* PBXTargetDependency */,
			);
			name = TFYSwiftBannerScrollUITests;
			productName = TFYSwiftBannerScrollUITests;
			productReference = 36BC113E265547AB00B0FFE9 /* TFYSwiftBannerScrollUITests.xctest */;
			productType = "com.apple.product-type.bundle.ui-testing";
		};
/* End PBXNativeTarget section */

/* Begin PBXProject section */
		36BC1115265547A900B0FFE9 /* Project object */ = {
			isa = PBXProject;
			attributes = {
				CLASSPREFIX = TFYSwift;
				LastSwiftUpdateCheck = 1250;
				LastUpgradeCheck = 1250;
				TargetAttributes = {
					36BC111C265547A900B0FFE9 = {
						CreatedOnToolsVersion = 12.5;
					};
					36BC1132265547AB00B0FFE9 = {
						CreatedOnToolsVersion = 12.5;
						TestTargetID = 36BC111C265547A900B0FFE9;
					};
					36BC113D265547AB00B0FFE9 = {
						CreatedOnToolsVersion = 12.5;
						TestTargetID = 36BC111C265547A900B0FFE9;
					};
				};
			};
			buildConfigurationList = 36BC1118265547A900B0FFE9 /* Build configuration list for PBXProject "TFYSwiftBannerScroll" */;
			compatibilityVersion = "Xcode 9.3";
			developmentRegion = en;
			hasScannedForEncodings = 0;
			knownRegions = (
				en,
				Base,
			);
			mainGroup = 36BC1114265547A900B0FFE9;
			productRefGroup = 36BC111E265547A900B0FFE9 /* Products */;
			projectDirPath = "";
			projectRoot = "";
			targets = (
				36BC111C265547A900B0FFE9 /* TFYSwiftBannerScroll */,
				36BC1132265547AB00B0FFE9 /* TFYSwiftBannerScrollTests */,
				36BC113D265547AB00B0FFE9 /* TFYSwiftBannerScrollUITests */,
			);
		};
/* End PBXProject section */

/* Begin PBXResourcesBuildPhase section */
		36BC111B265547A900B0FFE9 /* Resources */ = {
			isa = PBXResourcesBuildPhase;
			buildActionMask = 2147483647;
			files = (
				36BC112D265547AB00B0FFE9 /* LaunchScreen.storyboard in Resources */,
				36BC112A265547AB00B0FFE9 /* Assets.xcassets in Resources */,
			);
			runOnlyForDeploymentPostprocessing = 0;
		};
		36BC1131265547AB00B0FFE9 /* Resources */ = {
			isa = PBXResourcesBuildPhase;
			buildActionMask = 2147483647;
			files = (
			);
			runOnlyForDeploymentPostprocessing = 0;
		};
		36BC113C265547AB00B0FFE9 /* Resources */ = {
			isa = PBXResourcesBuildPhase;
			buildActionMask = 2147483647;
			files = (
			);
			runOnlyForDeploymentPostprocessing = 0;
		};
/* End PBXResourcesBuildPhase section */

/* Begin PBXSourcesBuildPhase section */
		36BC1119265547A900B0FFE9 /* Sources */ = {
			isa = PBXSourcesBuildPhase;
			buildActionMask = 2147483647;
			files = (
				36BC11582655480200B0FFE9 /* ViewController.swift in Sources */,
				36BC11572655480200B0FFE9 /* SceneDelegate.swift in Sources */,
				36BC116226554B9700B0FFE9 /* TFYSwiftPagerViewTransformer.swift in Sources */,
				36BC116426554CA600B0FFE9 /* TFYSwiftPagerViewLayoutAttributes.swift in Sources */,
				36BC116626554D3300B0FFE9 /* TFYSwiftPagerView.swift in Sources */,
				367C0FE8266334BD00BAB242 /* TFYSwiftCustomController.swift in Sources */,
				36BC115E26554A6800B0FFE9 /* TFYSwiftPagerViewCell.swift in Sources */,
				36BC115A2655487A00B0FFE9 /* TFYSwiftPageControl.swift in Sources */,
				36BC11562655480200B0FFE9 /* AppDelegate.swift in Sources */,
				367C0FEA2663371900BAB242 /* TFYSwiftCustomViewCell.swift in Sources */,
				36BC115C26554A1E00B0FFE9 /* TFYSwiftPagerCollectionView.swift in Sources */,
				36BC116026554AC200B0FFE9 /* TFYSwiftPagerViewLayout.swift in Sources */,
			);
			runOnlyForDeploymentPostprocessing = 0;
		};
		36BC112F265547AB00B0FFE9 /* Sources */ = {
			isa = PBXSourcesBuildPhase;
			buildActionMask = 2147483647;
			files = (
				36BC1138265547AB00B0FFE9 /* TFYSwiftBannerScrollTests.swift in Sources */,
			);
			runOnlyForDeploymentPostprocessing = 0;
		};
		36BC113A265547AB00B0FFE9 /* Sources */ = {
			isa = PBXSourcesBuildPhase;
			buildActionMask = 2147483647;
			files = (
				36BC1143265547AB00B0FFE9 /* TFYSwiftBannerScrollUITests.swift in Sources */,
			);
			runOnlyForDeploymentPostprocessing = 0;
		};
/* End PBXSourcesBuildPhase section */

/* Begin PBXTargetDependency section */
		36BC1135265547AB00B0FFE9 /* PBXTargetDependency */ = {
			isa = PBXTargetDependency;
			target = 36BC111C265547A900B0FFE9 /* TFYSwiftBannerScroll */;
			targetProxy = 36BC1134265547AB00B0FFE9 /* PBXContainerItemProxy */;
		};
		36BC1140265547AB00B0FFE9 /* PBXTargetDependency */ = {
			isa = PBXTargetDependency;
			target = 36BC111C265547A900B0FFE9 /* TFYSwiftBannerScroll */;
			targetProxy = 36BC113F265547AB00B0FFE9 /* PBXContainerItemProxy */;
		};
/* End PBXTargetDependency section */

/* Begin PBXVariantGroup section */
		36BC112B265547AB00B0FFE9 /* LaunchScreen.storyboard */ = {
			isa = PBXVariantGroup;
			children = (
				36BC112C265547AB00B0FFE9 /* Base */,
			);
			name = LaunchScreen.storyboard;
			sourceTree = "<group>";
		};
/* End PBXVariantGroup section */

/* Begin XCBuildConfiguration section */
		36BC1145265547AB00B0FFE9 /* Debug */ = {
			isa = XCBuildConfiguration;
			buildSettings = {
				ALWAYS_SEARCH_USER_PATHS = NO;
				CLANG_ANALYZER_NONNULL = YES;
				CLANG_ANALYZER_NUMBER_OBJECT_CONVERSION = YES_AGGRESSIVE;
				CLANG_CXX_LANGUAGE_STANDARD = "gnu++14";
				CLANG_CXX_LIBRARY = "libc++";
				CLANG_ENABLE_MODULES = YES;
				CLANG_ENABLE_OBJC_ARC = YES;
				CLANG_ENABLE_OBJC_WEAK = YES;
				CLANG_WARN_BLOCK_CAPTURE_AUTORELEASING = YES;
				CLANG_WARN_BOOL_CONVERSION = YES;
				CLANG_WARN_COMMA = YES;
				CLANG_WARN_CONSTANT_CONVERSION = YES;
				CLANG_WARN_DEPRECATED_OBJC_IMPLEMENTATIONS = YES;
				CLANG_WARN_DIRECT_OBJC_ISA_USAGE = YES_ERROR;
				CLANG_WARN_DOCUMENTATION_COMMENTS = YES;
				CLANG_WARN_EMPTY_BODY = YES;
				CLANG_WARN_ENUM_CONVERSION = YES;
				CLANG_WARN_INFINITE_RECURSION = YES;
				CLANG_WARN_INT_CONVERSION = YES;
				CLANG_WARN_NON_LITERAL_NULL_CONVERSION = YES;
				CLANG_WARN_OBJC_IMPLICIT_RETAIN_SELF = YES;
				CLANG_WARN_OBJC_LITERAL_CONVERSION = YES;
				CLANG_WARN_OBJC_ROOT_CLASS = YES_ERROR;
				CLANG_WARN_QUOTED_INCLUDE_IN_FRAMEWORK_HEADER = YES;
				CLANG_WARN_RANGE_LOOP_ANALYSIS = YES;
				CLANG_WARN_STRICT_PROTOTYPES = YES;
				CLANG_WARN_SUSPICIOUS_MOVE = YES;
				CLANG_WARN_UNGUARDED_AVAILABILITY = YES_AGGRESSIVE;
				CLANG_WARN_UNREACHABLE_CODE = YES;
				CLANG_WARN__DUPLICATE_METHOD_MATCH = YES;
				COPY_PHASE_STRIP = NO;
				DEBUG_INFORMATION_FORMAT = dwarf;
				ENABLE_STRICT_OBJC_MSGSEND = YES;
				ENABLE_TESTABILITY = YES;
				GCC_C_LANGUAGE_STANDARD = gnu11;
				GCC_DYNAMIC_NO_PIC = NO;
				GCC_NO_COMMON_BLOCKS = YES;
				GCC_OPTIMIZATION_LEVEL = 0;
				GCC_PREPROCESSOR_DEFINITIONS = (
					"DEBUG=1",
					"$(inherited)",
				);
				GCC_WARN_64_TO_32_BIT_CONVERSION = YES;
				GCC_WARN_ABOUT_RETURN_TYPE = YES_ERROR;
				GCC_WARN_UNDECLARED_SELECTOR = YES;
				GCC_WARN_UNINITIALIZED_AUTOS = YES_AGGRESSIVE;
				GCC_WARN_UNUSED_FUNCTION = YES;
				GCC_WARN_UNUSED_VARIABLE = YES;
				IPHONEOS_DEPLOYMENT_TARGET = 14.5;
				MTL_ENABLE_DEBUG_INFO = INCLUDE_SOURCE;
				MTL_FAST_MATH = YES;
				ONLY_ACTIVE_ARCH = YES;
				SDKROOT = iphoneos;
				SWIFT_ACTIVE_COMPILATION_CONDITIONS = DEBUG;
				SWIFT_OPTIMIZATION_LEVEL = "-Onone";
			};
			name = Debug;
		};
		36BC1146265547AB00B0FFE9 /* Release */ = {
			isa = XCBuildConfiguration;
			buildSettings = {
				ALWAYS_SEARCH_USER_PATHS = NO;
				CLANG_ANALYZER_NONNULL = YES;
				CLANG_ANALYZER_NUMBER_OBJECT_CONVERSION = YES_AGGRESSIVE;
				CLANG_CXX_LANGUAGE_STANDARD = "gnu++14";
				CLANG_CXX_LIBRARY = "libc++";
				CLANG_ENABLE_MODULES = YES;
				CLANG_ENABLE_OBJC_ARC = YES;
				CLANG_ENABLE_OBJC_WEAK = YES;
				CLANG_WARN_BLOCK_CAPTURE_AUTORELEASING = YES;
				CLANG_WARN_BOOL_CONVERSION = YES;
				CLANG_WARN_COMMA = YES;
				CLANG_WARN_CONSTANT_CONVERSION = YES;
				CLANG_WARN_DEPRECATED_OBJC_IMPLEMENTATIONS = YES;
				CLANG_WARN_DIRECT_OBJC_ISA_USAGE = YES_ERROR;
				CLANG_WARN_DOCUMENTATION_COMMENTS = YES;
				CLANG_WARN_EMPTY_BODY = YES;
				CLANG_WARN_ENUM_CONVERSION = YES;
				CLANG_WARN_INFINITE_RECURSION = YES;
				CLANG_WARN_INT_CONVERSION = YES;
				CLANG_WARN_NON_LITERAL_NULL_CONVERSION = YES;
				CLANG_WARN_OBJC_IMPLICIT_RETAIN_SELF = YES;
				CLANG_WARN_OBJC_LITERAL_CONVERSION = YES;
				CLANG_WARN_OBJC_ROOT_CLASS = YES_ERROR;
				CLANG_WARN_QUOTED_INCLUDE_IN_FRAMEWORK_HEADER = YES;
				CLANG_WARN_RANGE_LOOP_ANALYSIS = YES;
				CLANG_WARN_STRICT_PROTOTYPES = YES;
				CLANG_WARN_SUSPICIOUS_MOVE = YES;
				CLANG_WARN_UNGUARDED_AVAILABILITY = YES_AGGRESSIVE;
				CLANG_WARN_UNREACHABLE_CODE = YES;
				CLANG_WARN__DUPLICATE_METHOD_MATCH = YES;
				COPY_PHASE_STRIP = NO;
				DEBUG_INFORMATION_FORMAT = "dwarf-with-dsym";
				ENABLE_NS_ASSERTIONS = NO;
				ENABLE_STRICT_OBJC_MSGSEND = YES;
				GCC_C_LANGUAGE_STANDARD = gnu11;
				GCC_NO_COMMON_BLOCKS = YES;
				GCC_WARN_64_TO_32_BIT_CONVERSION = YES;
				GCC_WARN_ABOUT_RETURN_TYPE = YES_ERROR;
				GCC_WARN_UNDECLARED_SELECTOR = YES;
				GCC_WARN_UNINITIALIZED_AUTOS = YES_AGGRESSIVE;
				GCC_WARN_UNUSED_FUNCTION = YES;
				GCC_WARN_UNUSED_VARIABLE = YES;
				IPHONEOS_DEPLOYMENT_TARGET = 14.5;
				MTL_ENABLE_DEBUG_INFO = NO;
				MTL_FAST_MATH = YES;
				SDKROOT = iphoneos;
				SWIFT_COMPILATION_MODE = wholemodule;
				SWIFT_OPTIMIZATION_LEVEL = "-O";
				VALIDATE_PRODUCT = YES;
			};
			name = Release;
		};
		36BC1148265547AB00B0FFE9 /* Debug */ = {
			isa = XCBuildConfiguration;
			buildSettings = {
				ASSETCATALOG_COMPILER_APPICON_NAME = AppIcon;
				ASSETCATALOG_COMPILER_GLOBAL_ACCENT_COLOR_NAME = AccentColor;
				CODE_SIGN_STYLE = Automatic;
				DEVELOPMENT_TEAM = QH95759TSS;
				INFOPLIST_FILE = TFYSwiftBannerScroll/Info.plist;
				LD_RUNPATH_SEARCH_PATHS = (
					"$(inherited)",
					"@executable_path/Frameworks",
				);
				PRODUCT_BUNDLE_IDENTIFIER = com.tfy.TFYSwiftBannerScroll;
				PRODUCT_NAME = "$(TARGET_NAME)";
				SWIFT_VERSION = 5.0;
				TARGETED_DEVICE_FAMILY = "1,2";
			};
			name = Debug;
		};
		36BC1149265547AB00B0FFE9 /* Release */ = {
			isa = XCBuildConfiguration;
			buildSettings = {
				ASSETCATALOG_COMPILER_APPICON_NAME = AppIcon;
				ASSETCATALOG_COMPILER_GLOBAL_ACCENT_COLOR_NAME = AccentColor;
				CODE_SIGN_STYLE = Automatic;
				DEVELOPMENT_TEAM = QH95759TSS;
				INFOPLIST_FILE = TFYSwiftBannerScroll/Info.plist;
				LD_RUNPATH_SEARCH_PATHS = (
					"$(inherited)",
					"@executable_path/Frameworks",
				);
				PRODUCT_BUNDLE_IDENTIFIER = com.tfy.TFYSwiftBannerScroll;
				PRODUCT_NAME = "$(TARGET_NAME)";
				SWIFT_VERSION = 5.0;
				TARGETED_DEVICE_FAMILY = "1,2";
			};
			name = Release;
		};
		36BC114B265547AB00B0FFE9 /* Debug */ = {
			isa = XCBuildConfiguration;
			buildSettings = {
				ALWAYS_EMBED_SWIFT_STANDARD_LIBRARIES = YES;
				BUNDLE_LOADER = "$(TEST_HOST)";
				CODE_SIGN_STYLE = Automatic;
				DEVELOPMENT_TEAM = QH95759TSS;
				INFOPLIST_FILE = TFYSwiftBannerScrollTests/Info.plist;
				IPHONEOS_DEPLOYMENT_TARGET = 14.5;
				LD_RUNPATH_SEARCH_PATHS = (
					"$(inherited)",
					"@executable_path/Frameworks",
					"@loader_path/Frameworks",
				);
				PRODUCT_BUNDLE_IDENTIFIER = com.tfy.TFYSwiftBannerScrollTests;
				PRODUCT_NAME = "$(TARGET_NAME)";
				SWIFT_VERSION = 5.0;
				TARGETED_DEVICE_FAMILY = "1,2";
				TEST_HOST = "$(BUILT_PRODUCTS_DIR)/TFYSwiftBannerScroll.app/TFYSwiftBannerScroll";
			};
			name = Debug;
		};
		36BC114C265547AB00B0FFE9 /* Release */ = {
			isa = XCBuildConfiguration;
			buildSettings = {
				ALWAYS_EMBED_SWIFT_STANDARD_LIBRARIES = YES;
				BUNDLE_LOADER = "$(TEST_HOST)";
				CODE_SIGN_STYLE = Automatic;
				DEVELOPMENT_TEAM = QH95759TSS;
				INFOPLIST_FILE = TFYSwiftBannerScrollTests/Info.plist;
				IPHONEOS_DEPLOYMENT_TARGET = 14.5;
				LD_RUNPATH_SEARCH_PATHS = (
					"$(inherited)",
					"@executable_path/Frameworks",
					"@loader_path/Frameworks",
				);
				PRODUCT_BUNDLE_IDENTIFIER = com.tfy.TFYSwiftBannerScrollTests;
				PRODUCT_NAME = "$(TARGET_NAME)";
				SWIFT_VERSION = 5.0;
				TARGETED_DEVICE_FAMILY = "1,2";
				TEST_HOST = "$(BUILT_PRODUCTS_DIR)/TFYSwiftBannerScroll.app/TFYSwiftBannerScroll";
			};
			name = Release;
		};
		36BC114E265547AB00B0FFE9 /* Debug */ = {
			isa = XCBuildConfiguration;
			buildSettings = {
				ALWAYS_EMBED_SWIFT_STANDARD_LIBRARIES = YES;
				CODE_SIGN_STYLE = Automatic;
				DEVELOPMENT_TEAM = QH95759TSS;
				INFOPLIST_FILE = TFYSwiftBannerScrollUITests/Info.plist;
				LD_RUNPATH_SEARCH_PATHS = (
					"$(inherited)",
					"@executable_path/Frameworks",
					"@loader_path/Frameworks",
				);
				PRODUCT_BUNDLE_IDENTIFIER = com.tfy.TFYSwiftBannerScrollUITests;
				PRODUCT_NAME = "$(TARGET_NAME)";
				SWIFT_VERSION = 5.0;
				TARGETED_DEVICE_FAMILY = "1,2";
				TEST_TARGET_NAME = TFYSwiftBannerScroll;
			};
			name = Debug;
		};
		36BC114F265547AB00B0FFE9 /* Release */ = {
			isa = XCBuildConfiguration;
			buildSettings = {
				ALWAYS_EMBED_SWIFT_STANDARD_LIBRARIES = YES;
				CODE_SIGN_STYLE = Automatic;
				DEVELOPMENT_TEAM = QH95759TSS;
				INFOPLIST_FILE = TFYSwiftBannerScrollUITests/Info.plist;
				LD_RUNPATH_SEARCH_PATHS = (
					"$(inherited)",
					"@executable_path/Frameworks",
					"@loader_path/Frameworks",
				);
				PRODUCT_BUNDLE_IDENTIFIER = com.tfy.TFYSwiftBannerScrollUITests;
				PRODUCT_NAME = "$(TARGET_NAME)";
				SWIFT_VERSION = 5.0;
				TARGETED_DEVICE_FAMILY = "1,2";
				TEST_TARGET_NAME = TFYSwiftBannerScroll;
			};
			name = Release;
		};
/* End XCBuildConfiguration section */

/* Begin XCConfigurationList section */
		36BC1118265547A900B0FFE9 /* Build configuration list for PBXProject "TFYSwiftBannerScroll" */ = {
			isa = XCConfigurationList;
			buildConfigurations = (
				36BC1145265547AB00B0FFE9 /* Debug */,
				36BC1146265547AB00B0FFE9 /* Release */,
			);
			defaultConfigurationIsVisible = 0;
			defaultConfigurationName = Release;
		};
		36BC1147265547AB00B0FFE9 /* Build configuration list for PBXNativeTarget "TFYSwiftBannerScroll" */ = {
			isa = XCConfigurationList;
			buildConfigurations = (
				36BC1148265547AB00B0FFE9 /* Debug */,
				36BC1149265547AB00B0FFE9 /* Release */,
			);
			defaultConfigurationIsVisible = 0;
			defaultConfigurationName = Release;
		};
		36BC114A265547AB00B0FFE9 /* Build configuration list for PBXNativeTarget "TFYSwiftBannerScrollTests" */ = {
			isa = XCConfigurationList;
			buildConfigurations = (
				36BC114B265547AB00B0FFE9 /* Debug */,
				36BC114C265547AB00B0FFE9 /* Release */,
			);
			defaultConfigurationIsVisible = 0;
			defaultConfigurationName = Release;
		};
		36BC114D265547AB00B0FFE9 /* Build configuration list for PBXNativeTarget "TFYSwiftBannerScrollUITests" */ = {
			isa = XCConfigurationList;
			buildConfigurations = (
				36BC114E265547AB00B0FFE9 /* Debug */,
				36BC114F265547AB00B0FFE9 /* Release */,
			);
			defaultConfigurationIsVisible = 0;
			defaultConfigurationName = Release;
		};
/* End XCConfigurationList section */
	};
	rootObject = 36BC1115265547A900B0FFE9 /* Project object */;
}
